// !$*UTF8*$!
{
	archiveVersion = 1;
	classes = {
	};
	objectVersion = 56;
	objects = {

/* Begin PBXBuildFile section */
		4563FCAC29BC244E0010E112 /* AppDelegate.swift in Sources */ = {isa = PBXBuildFile; fileRef = 4563FCAB29BC244E0010E112 /* AppDelegate.swift */; };
		4563FCAE29BC244E0010E112 /* SceneDelegate.swift in Sources */ = {isa = PBXBuildFile; fileRef = 4563FCAD29BC244E0010E112 /* SceneDelegate.swift */; };
		4563FCB029BC244E0010E112 /* ViewController.swift in Sources */ = {isa = PBXBuildFile; fileRef = 4563FCAF29BC244E0010E112 /* ViewController.swift */; };
		4563FCB329BC244E0010E112 /* Main.storyboard in Resources */ = {isa = PBXBuildFile; fileRef = 4563FCB129BC244E0010E112 /* Main.storyboard */; };
		4563FCB529BC24500010E112 /* Assets.xcassets in Resources */ = {isa = PBXBuildFile; fileRef = 4563FCB429BC24500010E112 /* Assets.xcassets */; };
		4563FCB829BC24500010E112 /* LaunchScreen.storyboard in Resources */ = {isa = PBXBuildFile; fileRef = 4563FCB629BC24500010E112 /* LaunchScreen.storyboard */; };
		4563FCC129BEAE4B0010E112 /* PlaylistModel.swift in Sources */ = {isa = PBXBuildFile; fileRef = 4563FCC029BEAE4B0010E112 /* PlaylistModel.swift */; };
		4563FCC329BEC6410010E112 /* VideoModel.swift in Sources */ = {isa = PBXBuildFile; fileRef = 4563FCC229BEC6410010E112 /* VideoModel.swift */; };
		4563FCC629BEC9FE0010E112 /* RootPageViewController.swift in Sources */ = {isa = PBXBuildFile; fileRef = 4563FCC529BEC9FE0010E112 /* RootPageViewController.swift */; };
		4563FCC829BECA1D0010E112 /* MainViewController.swift in Sources */ = {isa = PBXBuildFile; fileRef = 4563FCC729BECA1D0010E112 /* MainViewController.swift */; };
		4563FCD029BECC6A0010E112 /* HomeViewController.swift in Sources */ = {isa = PBXBuildFile; fileRef = 4563FCCE29BECC6A0010E112 /* HomeViewController.swift */; };
		4563FCD129BECC6A0010E112 /* HomeViewController.xib in Resources */ = {isa = PBXBuildFile; fileRef = 4563FCCF29BECC6A0010E112 /* HomeViewController.xib */; };
		4563FCD429BECD580010E112 /* VideosViewController.swift in Sources */ = {isa = PBXBuildFile; fileRef = 4563FCD229BECD580010E112 /* VideosViewController.swift */; };
		4563FCD529BECD580010E112 /* VideosViewController.xib in Resources */ = {isa = PBXBuildFile; fileRef = 4563FCD329BECD580010E112 /* VideosViewController.xib */; };
		4563FCD829BECD7D0010E112 /* PlaylistsViewController.swift in Sources */ = {isa = PBXBuildFile; fileRef = 4563FCD629BECD7D0010E112 /* PlaylistsViewController.swift */; };
		4563FCD929BECD7D0010E112 /* PlaylistsViewController.xib in Resources */ = {isa = PBXBuildFile; fileRef = 4563FCD729BECD7D0010E112 /* PlaylistsViewController.xib */; };
		4563FCDC29BECD970010E112 /* ChannelViewController.swift in Sources */ = {isa = PBXBuildFile; fileRef = 4563FCDA29BECD970010E112 /* ChannelViewController.swift */; };
		4563FCDD29BECD970010E112 /* ChannelViewController.xib in Resources */ = {isa = PBXBuildFile; fileRef = 4563FCDB29BECD970010E112 /* ChannelViewController.xib */; };
		4563FCE029BECDB60010E112 /* AboutViewController.swift in Sources */ = {isa = PBXBuildFile; fileRef = 4563FCDE29BECDB60010E112 /* AboutViewController.swift */; };
		4563FCE129BECDB60010E112 /* AboutViewController.xib in Resources */ = {isa = PBXBuildFile; fileRef = 4563FCDF29BECDB60010E112 /* AboutViewController.xib */; };
/* End PBXBuildFile section */

/* Begin PBXFileReference section */
		4563FCA829BC244E0010E112 /* YouTubeClone.app */ = {isa = PBXFileReference; explicitFileType = wrapper.application; includeInIndex = 0; path = YouTubeClone.app; sourceTree = BUILT_PRODUCTS_DIR; };
		4563FCAB29BC244E0010E112 /* AppDelegate.swift */ = {isa = PBXFileReference; lastKnownFileType = sourcecode.swift; path = AppDelegate.swift; sourceTree = "<group>"; };
		4563FCAD29BC244E0010E112 /* SceneDelegate.swift */ = {isa = PBXFileReference; lastKnownFileType = sourcecode.swift; path = SceneDelegate.swift; sourceTree = "<group>"; };
		4563FCAF29BC244E0010E112 /* ViewController.swift */ = {isa = PBXFileReference; lastKnownFileType = sourcecode.swift; path = ViewController.swift; sourceTree = "<group>"; };
		4563FCB229BC244E0010E112 /* Base */ = {isa = PBXFileReference; lastKnownFileType = file.storyboard; name = Base; path = Base.lproj/Main.storyboard; sourceTree = "<group>"; };
		4563FCB429BC24500010E112 /* Assets.xcassets */ = {isa = PBXFileReference; lastKnownFileType = folder.assetcatalog; path = Assets.xcassets; sourceTree = "<group>"; };
		4563FCB729BC24500010E112 /* Base */ = {isa = PBXFileReference; lastKnownFileType = file.storyboard; name = Base; path = Base.lproj/LaunchScreen.storyboard; sourceTree = "<group>"; };
		4563FCB929BC24500010E112 /* Info.plist */ = {isa = PBXFileReference; lastKnownFileType = text.plist.xml; path = Info.plist; sourceTree = "<group>"; };
		4563FCC029BEAE4B0010E112 /* PlaylistModel.swift */ = {isa = PBXFileReference; lastKnownFileType = sourcecode.swift; path = PlaylistModel.swift; sourceTree = "<group>"; };
		4563FCC229BEC6410010E112 /* VideoModel.swift */ = {isa = PBXFileReference; lastKnownFileType = sourcecode.swift; path = VideoModel.swift; sourceTree = "<group>"; };
		4563FCC529BEC9FE0010E112 /* RootPageViewController.swift */ = {isa = PBXFileReference; lastKnownFileType = sourcecode.swift; path = RootPageViewController.swift; sourceTree = "<group>"; };
		4563FCC729BECA1D0010E112 /* MainViewController.swift */ = {isa = PBXFileReference; lastKnownFileType = sourcecode.swift; path = MainViewController.swift; sourceTree = "<group>"; };
		4563FCCE29BECC6A0010E112 /* HomeViewController.swift */ = {isa = PBXFileReference; lastKnownFileType = sourcecode.swift; path = HomeViewController.swift; sourceTree = "<group>"; };
		4563FCCF29BECC6A0010E112 /* HomeViewController.xib */ = {isa = PBXFileReference; lastKnownFileType = file.xib; path = HomeViewController.xib; sourceTree = "<group>"; };
		4563FCD229BECD580010E112 /* VideosViewController.swift */ = {isa = PBXFileReference; lastKnownFileType = sourcecode.swift; path = VideosViewController.swift; sourceTree = "<group>"; };
		4563FCD329BECD580010E112 /* VideosViewController.xib */ = {isa = PBXFileReference; lastKnownFileType = file.xib; path = VideosViewController.xib; sourceTree = "<group>"; };
		4563FCD629BECD7D0010E112 /* PlaylistsViewController.swift */ = {isa = PBXFileReference; lastKnownFileType = sourcecode.swift; path = PlaylistsViewController.swift; sourceTree = "<group>"; };
		4563FCD729BECD7D0010E112 /* PlaylistsViewController.xib */ = {isa = PBXFileReference; lastKnownFileType = file.xib; path = PlaylistsViewController.xib; sourceTree = "<group>"; };
		4563FCDA29BECD970010E112 /* ChannelViewController.swift */ = {isa = PBXFileReference; lastKnownFileType = sourcecode.swift; path = ChannelViewController.swift; sourceTree = "<group>"; };
		4563FCDB29BECD970010E112 /* ChannelViewController.xib */ = {isa = PBXFileReference; lastKnownFileType = file.xib; path = ChannelViewController.xib; sourceTree = "<group>"; };
		4563FCDE29BECDB60010E112 /* AboutViewController.swift */ = {isa = PBXFileReference; lastKnownFileType = sourcecode.swift; path = AboutViewController.swift; sourceTree = "<group>"; };
		4563FCDF29BECDB60010E112 /* AboutViewController.xib */ = {isa = PBXFileReference; lastKnownFileType = file.xib; path = AboutViewController.xib; sourceTree = "<group>"; };
/* End PBXFileReference section */

/* Begin PBXFrameworksBuildPhase section */
		4563FCA529BC244E0010E112 /* Frameworks */ = {
			isa = PBXFrameworksBuildPhase;
			buildActionMask = 2147483647;
			files = (
			);
			runOnlyForDeploymentPostprocessing = 0;
		};
/* End PBXFrameworksBuildPhase section */

/* Begin PBXGroup section */
		4563FC9F29BC244E0010E112 = {
			isa = PBXGroup;
			children = (
				4563FCAA29BC244E0010E112 /* YouTubeClone */,
				4563FCA929BC244E0010E112 /* Products */,
			);
			sourceTree = "<group>";
		};
		4563FCA929BC244E0010E112 /* Products */ = {
			isa = PBXGroup;
			children = (
				4563FCA829BC244E0010E112 /* YouTubeClone.app */,
			);
			name = Products;
			sourceTree = "<group>";
		};
		4563FCAA29BC244E0010E112 /* YouTubeClone */ = {
			isa = PBXGroup;
			children = (
				4563FCCD29BECC2F0010E112 /* About */,
				4563FCCC29BECC230010E112 /* Channels */,
				4563FCCB29BECC0E0010E112 /* Playlists */,
				4563FCCA29BECC050010E112 /* Videos */,
				4563FCC929BECBF80010E112 /* Home */,
				4563FCC429BEC9C60010E112 /* Main */,
				4563FCBF29BEAE040010E112 /* Model */,
				4563FCAB29BC244E0010E112 /* AppDelegate.swift */,
				4563FCAD29BC244E0010E112 /* SceneDelegate.swift */,
				4563FCAF29BC244E0010E112 /* ViewController.swift */,
				4563FCB129BC244E0010E112 /* Main.storyboard */,
				4563FCB429BC24500010E112 /* Assets.xcassets */,
				4563FCB629BC24500010E112 /* LaunchScreen.storyboard */,
				4563FCB929BC24500010E112 /* Info.plist */,
			);
			path = YouTubeClone;
			sourceTree = "<group>";
		};
		4563FCBF29BEAE040010E112 /* Model */ = {
			isa = PBXGroup;
			children = (
				4563FCC029BEAE4B0010E112 /* PlaylistModel.swift */,
				4563FCC229BEC6410010E112 /* VideoModel.swift */,
			);
			path = Model;
			sourceTree = "<group>";
		};
		4563FCC429BEC9C60010E112 /* Main */ = {
			isa = PBXGroup;
			children = (
				4563FCC529BEC9FE0010E112 /* RootPageViewController.swift */,
				4563FCC729BECA1D0010E112 /* MainViewController.swift */,
			);
			path = Main;
			sourceTree = "<group>";
		};
		4563FCC929BECBF80010E112 /* Home */ = {
			isa = PBXGroup;
			children = (
				4563FCCE29BECC6A0010E112 /* HomeViewController.swift */,
				4563FCCF29BECC6A0010E112 /* HomeViewController.xib */,
			);
			path = Home;
			sourceTree = "<group>";
		};
		4563FCCA29BECC050010E112 /* Videos */ = {
			isa = PBXGroup;
			children = (
				4563FCD229BECD580010E112 /* VideosViewController.swift */,
				4563FCD329BECD580010E112 /* VideosViewController.xib */,
			);
			path = Videos;
			sourceTree = "<group>";
		};
		4563FCCB29BECC0E0010E112 /* Playlists */ = {
			isa = PBXGroup;
			children = (
				4563FCD629BECD7D0010E112 /* PlaylistsViewController.swift */,
				4563FCD729BECD7D0010E112 /* PlaylistsViewController.xib */,
			);
			path = Playlists;
			sourceTree = "<group>";
		};
		4563FCCC29BECC230010E112 /* Channels */ = {
			isa = PBXGroup;
			children = (
				4563FCDA29BECD970010E112 /* ChannelViewController.swift */,
				4563FCDB29BECD970010E112 /* ChannelViewController.xib */,
			);
			path = Channels;
			sourceTree = "<group>";
		};
		4563FCCD29BECC2F0010E112 /* About */ = {
			isa = PBXGroup;
			children = (
				4563FCDE29BECDB60010E112 /* AboutViewController.swift */,
				4563FCDF29BECDB60010E112 /* AboutViewController.xib */,
			);
			path = About;
			sourceTree = "<group>";
		};
/* End PBXGroup section */

/* Begin PBXNativeTarget section */
		4563FCA729BC244E0010E112 /* YouTubeClone */ = {
			isa = PBXNativeTarget;
			buildConfigurationList = 4563FCBC29BC24500010E112 /* Build configuration list for PBXNativeTarget "YouTubeClone" */;
			buildPhases = (
				4563FCA429BC244E0010E112 /* Sources */,
				4563FCA529BC244E0010E112 /* Frameworks */,
				4563FCA629BC244E0010E112 /* Resources */,
			);
			buildRules = (
			);
			dependencies = (
			);
			name = YouTubeClone;
			productName = YouTubeClone;
			productReference = 4563FCA829BC244E0010E112 /* YouTubeClone.app */;
			productType = "com.apple.product-type.application";
		};
/* End PBXNativeTarget section */

/* Begin PBXProject section */
		4563FCA029BC244E0010E112 /* Project object */ = {
			isa = PBXProject;
			attributes = {
				BuildIndependentTargetsInParallel = 1;
				LastSwiftUpdateCheck = 1420;
				LastUpgradeCheck = 1420;
				TargetAttributes = {
					4563FCA729BC244E0010E112 = {
						CreatedOnToolsVersion = 14.2;
					};
				};
			};
			buildConfigurationList = 4563FCA329BC244E0010E112 /* Build configuration list for PBXProject "YouTubeClone" */;
			compatibilityVersion = "Xcode 14.0";
			developmentRegion = en;
			hasScannedForEncodings = 0;
			knownRegions = (
				en,
				Base,
			);
			mainGroup = 4563FC9F29BC244E0010E112;
			productRefGroup = 4563FCA929BC244E0010E112 /* Products */;
			projectDirPath = "";
			projectRoot = "";
			targets = (
				4563FCA729BC244E0010E112 /* YouTubeClone */,
			);
		};
/* End PBXProject section */

/* Begin PBXResourcesBuildPhase section */
		4563FCA629BC244E0010E112 /* Resources */ = {
			isa = PBXResourcesBuildPhase;
			buildActionMask = 2147483647;
			files = (
				4563FCD929BECD7D0010E112 /* PlaylistsViewController.xib in Resources */,
				4563FCB829BC24500010E112 /* LaunchScreen.storyboard in Resources */,
				4563FCE129BECDB60010E112 /* AboutViewController.xib in Resources */,
				4563FCB529BC24500010E112 /* Assets.xcassets in Resources */,
				4563FCD529BECD580010E112 /* VideosViewController.xib in Resources */,
				4563FCB329BC244E0010E112 /* Main.storyboard in Resources */,
				4563FCD129BECC6A0010E112 /* HomeViewController.xib in Resources */,
				4563FCDD29BECD970010E112 /* ChannelViewController.xib in Resources */,
			);
			runOnlyForDeploymentPostprocessing = 0;
		};
/* End PBXResourcesBuildPhase section */

/* Begin PBXSourcesBuildPhase section */
		4563FCA429BC244E0010E112 /* Sources */ = {
			isa = PBXSourcesBuildPhase;
			buildActionMask = 2147483647;
			files = (
				4563FCD829BECD7D0010E112 /* PlaylistsViewController.swift in Sources */,
				4563FCD429BECD580010E112 /* VideosViewController.swift in Sources */,
				4563FCC829BECA1D0010E112 /* MainViewController.swift in Sources */,
				4563FCB029BC244E0010E112 /* ViewController.swift in Sources */,
				4563FCC129BEAE4B0010E112 /* PlaylistModel.swift in Sources */,
				4563FCD029BECC6A0010E112 /* HomeViewController.swift in Sources */,
				4563FCE029BECDB60010E112 /* AboutViewController.swift in Sources */,
				4563FCAC29BC244E0010E112 /* AppDelegate.swift in Sources */,
				4563FCDC29BECD970010E112 /* ChannelViewController.swift in Sources */,
				4563FCC629BEC9FE0010E112 /* RootPageViewController.swift in Sources */,
				4563FCC329BEC6410010E112 /* VideoModel.swift in Sources */,
				4563FCAE29BC244E0010E112 /* SceneDelegate.swift in Sources */,
			);
			runOnlyForDeploymentPostprocessing = 0;
		};
/* End PBXSourcesBuildPhase section */

/* Begin PBXVariantGroup section */
		4563FCB129BC244E0010E112 /* Main.storyboard */ = {
			isa = PBXVariantGroup;
			children = (
				4563FCB229BC244E0010E112 /* Base */,
			);
			name = Main.storyboard;
			sourceTree = "<group>";
		};
		4563FCB629BC24500010E112 /* LaunchScreen.storyboard */ = {
			isa = PBXVariantGroup;
			children = (
				4563FCB729BC24500010E112 /* Base */,
			);
			name = LaunchScreen.storyboard;
			sourceTree = "<group>";
		};
/* End PBXVariantGroup section */

/* Begin XCBuildConfiguration section */
		4563FCBA29BC24500010E112 /* Debug */ = {
			isa = XCBuildConfiguration;
			buildSettings = {
				ALWAYS_SEARCH_USER_PATHS = NO;
				CLANG_ANALYZER_NONNULL = YES;
				CLANG_ANALYZER_NUMBER_OBJECT_CONVERSION = YES_AGGRESSIVE;
				CLANG_CXX_LANGUAGE_STANDARD = "gnu++20";
				CLANG_ENABLE_MODULES = YES;
				CLANG_ENABLE_OBJC_ARC = YES;
				CLANG_ENABLE_OBJC_WEAK = YES;
				CLANG_WARN_BLOCK_CAPTURE_AUTORELEASING = YES;
				CLANG_WARN_BOOL_CONVERSION = YES;
				CLANG_WARN_COMMA = YES;
				CLANG_WARN_CONSTANT_CONVERSION = YES;
				CLANG_WARN_DEPRECATED_OBJC_IMPLEMENTATIONS = YES;
				CLANG_WARN_DIRECT_OBJC_ISA_USAGE = YES_ERROR;
				CLANG_WARN_DOCUMENTATION_COMMENTS = YES;
				CLANG_WARN_EMPTY_BODY = YES;
				CLANG_WARN_ENUM_CONVERSION = YES;
				CLANG_WARN_INFINITE_RECURSION = YES;
				CLANG_WARN_INT_CONVERSION = YES;
				CLANG_WARN_NON_LITERAL_NULL_CONVERSION = YES;
				CLANG_WARN_OBJC_IMPLICIT_RETAIN_SELF = YES;
				CLANG_WARN_OBJC_LITERAL_CONVERSION = YES;
				CLANG_WARN_OBJC_ROOT_CLASS = YES_ERROR;
				CLANG_WARN_QUOTED_INCLUDE_IN_FRAMEWORK_HEADER = YES;
				CLANG_WARN_RANGE_LOOP_ANALYSIS = YES;
				CLANG_WARN_STRICT_PROTOTYPES = YES;
				CLANG_WARN_SUSPICIOUS_MOVE = YES;
				CLANG_WARN_UNGUARDED_AVAILABILITY = YES_AGGRESSIVE;
				CLANG_WARN_UNREACHABLE_CODE = YES;
				CLANG_WARN__DUPLICATE_METHOD_MATCH = YES;
				COPY_PHASE_STRIP = NO;
				DEBUG_INFORMATION_FORMAT = dwarf;
				ENABLE_STRICT_OBJC_MSGSEND = YES;
				ENABLE_TESTABILITY = YES;
				GCC_C_LANGUAGE_STANDARD = gnu11;
				GCC_DYNAMIC_NO_PIC = NO;
				GCC_NO_COMMON_BLOCKS = YES;
				GCC_OPTIMIZATION_LEVEL = 0;
				GCC_PREPROCESSOR_DEFINITIONS = (
					"DEBUG=1",
					"$(inherited)",
				);
				GCC_WARN_64_TO_32_BIT_CONVERSION = YES;
				GCC_WARN_ABOUT_RETURN_TYPE = YES_ERROR;
				GCC_WARN_UNDECLARED_SELECTOR = YES;
				GCC_WARN_UNINITIALIZED_AUTOS = YES_AGGRESSIVE;
				GCC_WARN_UNUSED_FUNCTION = YES;
				GCC_WARN_UNUSED_VARIABLE = YES;
				IPHONEOS_DEPLOYMENT_TARGET = 16.2;
				MTL_ENABLE_DEBUG_INFO = INCLUDE_SOURCE;
				MTL_FAST_MATH = YES;
				ONLY_ACTIVE_ARCH = YES;
				SDKROOT = iphoneos;
				SWIFT_ACTIVE_COMPILATION_CONDITIONS = DEBUG;
				SWIFT_OPTIMIZATION_LEVEL = "-Onone";
			};
			name = Debug;
		};
		4563FCBB29BC24500010E112 /* Release */ = {
			isa = XCBuildConfiguration;
			buildSettings = {
				ALWAYS_SEARCH_USER_PATHS = NO;
				CLANG_ANALYZER_NONNULL = YES;
				CLANG_ANALYZER_NUMBER_OBJECT_CONVERSION = YES_AGGRESSIVE;
				CLANG_CXX_LANGUAGE_STANDARD = "gnu++20";
				CLANG_ENABLE_MODULES = YES;
				CLANG_ENABLE_OBJC_ARC = YES;
				CLANG_ENABLE_OBJC_WEAK = YES;
				CLANG_WARN_BLOCK_CAPTURE_AUTORELEASING = YES;
				CLANG_WARN_BOOL_CONVERSION = YES;
				CLANG_WARN_COMMA = YES;
				CLANG_WARN_CONSTANT_CONVERSION = YES;
				CLANG_WARN_DEPRECATED_OBJC_IMPLEMENTATIONS = YES;
				CLANG_WARN_DIRECT_OBJC_ISA_USAGE = YES_ERROR;
				CLANG_WARN_DOCUMENTATION_COMMENTS = YES;
				CLANG_WARN_EMPTY_BODY = YES;
				CLANG_WARN_ENUM_CONVERSION = YES;
				CLANG_WARN_INFINITE_RECURSION = YES;
				CLANG_WARN_INT_CONVERSION = YES;
				CLANG_WARN_NON_LITERAL_NULL_CONVERSION = YES;
				CLANG_WARN_OBJC_IMPLICIT_RETAIN_SELF = YES;
				CLANG_WARN_OBJC_LITERAL_CONVERSION = YES;
				CLANG_WARN_OBJC_ROOT_CLASS = YES_ERROR;
				CLANG_WARN_QUOTED_INCLUDE_IN_FRAMEWORK_HEADER = YES;
				CLANG_WARN_RANGE_LOOP_ANALYSIS = YES;
				CLANG_WARN_STRICT_PROTOTYPES = YES;
				CLANG_WARN_SUSPICIOUS_MOVE = YES;
				CLANG_WARN_UNGUARDED_AVAILABILITY = YES_AGGRESSIVE;
				CLANG_WARN_UNREACHABLE_CODE = YES;
				CLANG_WARN__DUPLICATE_METHOD_MATCH = YES;
				COPY_PHASE_STRIP = NO;
				DEBUG_INFORMATION_FORMAT = "dwarf-with-dsym";
				ENABLE_NS_ASSERTIONS = NO;
				ENABLE_STRICT_OBJC_MSGSEND = YES;
				GCC_C_LANGUAGE_STANDARD = gnu11;
				GCC_NO_COMMON_BLOCKS = YES;
				GCC_WARN_64_TO_32_BIT_CONVERSION = YES;
				GCC_WARN_ABOUT_RETURN_TYPE = YES_ERROR;
				GCC_WARN_UNDECLARED_SELECTOR = YES;
				GCC_WARN_UNINITIALIZED_AUTOS = YES_AGGRESSIVE;
				GCC_WARN_UNUSED_FUNCTION = YES;
				GCC_WARN_UNUSED_VARIABLE = YES;
				IPHONEOS_DEPLOYMENT_TARGET = 16.2;
				MTL_ENABLE_DEBUG_INFO = NO;
				MTL_FAST_MATH = YES;
				SDKROOT = iphoneos;
				SWIFT_COMPILATION_MODE = wholemodule;
				SWIFT_OPTIMIZATION_LEVEL = "-O";
				VALIDATE_PRODUCT = YES;
			};
			name = Release;
		};
		4563FCBD29BC24500010E112 /* Debug */ = {
			isa = XCBuildConfiguration;
			buildSettings = {
				ASSETCATALOG_COMPILER_APPICON_NAME = AppIcon;
				ASSETCATALOG_COMPILER_GLOBAL_ACCENT_COLOR_NAME = AccentColor;
				CODE_SIGN_STYLE = Automatic;
				CURRENT_PROJECT_VERSION = 1;
				GENERATE_INFOPLIST_FILE = YES;
				INFOPLIST_FILE = YouTubeClone/Info.plist;
				INFOPLIST_KEY_UIApplicationSupportsIndirectInputEvents = YES;
				INFOPLIST_KEY_UILaunchStoryboardName = LaunchScreen;
				INFOPLIST_KEY_UIMainStoryboardFile = Main;
				INFOPLIST_KEY_UISupportedInterfaceOrientations_iPad = "UIInterfaceOrientationPortrait UIInterfaceOrientationPortraitUpsideDown UIInterfaceOrientationLandscapeLeft UIInterfaceOrientationLandscapeRight";
				INFOPLIST_KEY_UISupportedInterfaceOrientations_iPhone = "UIInterfaceOrientationPortrait UIInterfaceOrientationLandscapeLeft UIInterfaceOrientationLandscapeRight";
				LD_RUNPATH_SEARCH_PATHS = (
					"$(inherited)",
					"@executable_path/Frameworks",
				);
				MARKETING_VERSION = 1.0;
				PRODUCT_BUNDLE_IDENTIFIER = com.guzman.YouTubeClone;
				PRODUCT_NAME = "$(TARGET_NAME)";
				SWIFT_EMIT_LOC_STRINGS = YES;
				SWIFT_VERSION = 5.0;
				TARGETED_DEVICE_FAMILY = "1,2";
			};
			name = Debug;
		};
		4563FCBE29BC24500010E112 /* Release */ = {
			isa = XCBuildConfiguration;
			buildSettings = {
				ASSETCATALOG_COMPILER_APPICON_NAME = AppIcon;
				ASSETCATALOG_COMPILER_GLOBAL_ACCENT_COLOR_NAME = AccentColor;
				CODE_SIGN_STYLE = Automatic;
				CURRENT_PROJECT_VERSION = 1;
				GENERATE_INFOPLIST_FILE = YES;
				INFOPLIST_FILE = YouTubeClone/Info.plist;
				INFOPLIST_KEY_UIApplicationSupportsIndirectInputEvents = YES;
				INFOPLIST_KEY_UILaunchStoryboardName = LaunchScreen;
				INFOPLIST_KEY_UIMainStoryboardFile = Main;
				INFOPLIST_KEY_UISupportedInterfaceOrientations_iPad = "UIInterfaceOrientationPortrait UIInterfaceOrientationPortraitUpsideDown UIInterfaceOrientationLandscapeLeft UIInterfaceOrientationLandscapeRight";
				INFOPLIST_KEY_UISupportedInterfaceOrientations_iPhone = "UIInterfaceOrientationPortrait UIInterfaceOrientationLandscapeLeft UIInterfaceOrientationLandscapeRight";
				LD_RUNPATH_SEARCH_PATHS = (
					"$(inherited)",
					"@executable_path/Frameworks",
				);
				MARKETING_VERSION = 1.0;
				PRODUCT_BUNDLE_IDENTIFIER = com.guzman.YouTubeClone;
				PRODUCT_NAME = "$(TARGET_NAME)";
				SWIFT_EMIT_LOC_STRINGS = YES;
				SWIFT_VERSION = 5.0;
				TARGETED_DEVICE_FAMILY = "1,2";
			};
			name = Release;
		};
/* End XCBuildConfiguration section */

/* Begin XCConfigurationList section */
		4563FCA329BC244E0010E112 /* Build configuration list for PBXProject "YouTubeClone" */ = {
			isa = XCConfigurationList;
			buildConfigurations = (
				4563FCBA29BC24500010E112 /* Debug */,
				4563FCBB29BC24500010E112 /* Release */,
			);
			defaultConfigurationIsVisible = 0;
			defaultConfigurationName = Release;
		};
		4563FCBC29BC24500010E112 /* Build configuration list for PBXNativeTarget "YouTubeClone" */ = {
			isa = XCConfigurationList;
			buildConfigurations = (
				4563FCBD29BC24500010E112 /* Debug */,
				4563FCBE29BC24500010E112 /* Release */,
			);
			defaultConfigurationIsVisible = 0;
			defaultConfigurationName = Release;
		};
/* End XCConfigurationList section */
	};
	rootObject = 4563FCA029BC244E0010E112 /* Project object */;
}
